
Microsoft Visual Studio Solution File, Format Version 12.00
# Visual Studio Version 16
VisualStudioVersion = 16.0.31911.196
MinimumVisualStudioVersion = 10.0.40219.1
Project("{FAE04EC0-301F-11D3-BF4B-00C04F79EFBC}") = "ConsoleApp4", "ConsoleApp4\ConsoleApp4.csproj", "{13A48948-961C-45FB-A203-682921A5C7D5}"
EndProject
Global
	GlobalSection(SolutionConfigurationPlatforms) = preSolution
		Debug|Any CPU = Debug|Any CPU
		Release|Any CPU = Release|Any CPU
	EndGlobalSection
	GlobalSection(ProjectConfigurationPlatforms) = postSolution
		{13A48948-961C-45FB-A203-682921A5C7D5}.Debug|Any CPU.ActiveCfg = Debug|Any CPU
		{13A48948-961C-45FB-A203-682921A5C7D5}.Debug|Any CPU.Build.0 = Debug|Any CPU
		{13A48948-961C-45FB-A203-682921A5C7D5}.Release|Any CPU.ActiveCfg = Release|Any CPU
		{13A48948-961C-45FB-A203-682921A5C7D5}.Release|Any CPU.Build.0 = Release|Any CPU
	EndGlobalSection
	GlobalSection(SolutionProperties) = preSolution
		HideSolutionNode = FALSE
	EndGlobalSection
	GlobalSection(ExtensibilityGlobals) = postSolution
		SolutionGuid = {A1A986D9-BB6A-4363-A276-15A902BBF807}
	EndGlobalSection
EndGlobal
