
Microsoft Visual Studio Solution File, Format Version 12.00
# Visual Studio Version 16
VisualStudioVersion = 16.0.31911.196
MinimumVisualStudioVersion = 10.0.40219.1
Project("{FAE04EC0-301F-11D3-BF4B-00C04F79EFBC}") = "ConsoleApp6", "ConsoleApp6\ConsoleApp6.csproj", "{6CC16113-F9AB-4757-B801-D3C759BAB2C9}"
EndProject
Global
	GlobalSection(SolutionConfigurationPlatforms) = preSolution
		Debug|Any CPU = Debug|Any CPU
		Release|Any CPU = Release|Any CPU
	EndGlobalSection
	GlobalSection(ProjectConfigurationPlatforms) = postSolution
		{6CC16113-F9AB-4757-B801-D3C759BAB2C9}.Debug|Any CPU.ActiveCfg = Debug|Any CPU
		{6CC16113-F9AB-4757-B801-D3C759BAB2C9}.Debug|Any CPU.Build.0 = Debug|Any CPU
		{6CC16113-F9AB-4757-B801-D3C759BAB2C9}.Release|Any CPU.ActiveCfg = Release|Any CPU
		{6CC16113-F9AB-4757-B801-D3C759BAB2C9}.Release|Any CPU.Build.0 = Release|Any CPU
	EndGlobalSection
	GlobalSection(SolutionProperties) = preSolution
		HideSolutionNode = FALSE
	EndGlobalSection
	GlobalSection(ExtensibilityGlobals) = postSolution
		SolutionGuid = {30DD2B58-1AF5-473F-8DF3-2C28FF8C3458}
	EndGlobalSection
EndGlobal
